
Microsoft Visual Studio Solution File, Format Version 12.00
# Visual Studio 2013
VisualStudioVersion = 12.0.31101.0
MinimumVisualStudioVersion = 10.0.40219.1
Project("{FAE04EC0-301F-11D3-BF4B-00C04F79EFBC}") = "manualTests", "mySql\manualTests.csproj", "{E5B8E1E2-6338-4244-9B14-9519F6CFEBA2}"
EndProject
Project("{FAE04EC0-301F-11D3-BF4B-00C04F79EFBC}") = "mySql.Tests", "mySqlTests\mySql.Tests.csproj", "{7FF37004-B177-4E46-AF5C-54E10462280B}"
EndProject
Project("{FAE04EC0-301F-11D3-BF4B-00C04F79EFBC}") = "OrmLiteExtensions", "OrmLitePehjExtensions\OrmLiteExtensions.csproj", "{1E167ED0-08D8-45AE-BF98-D6F150C9945E}"
EndProject
Global
	GlobalSection(SolutionConfigurationPlatforms) = preSolution
		Debug|Any CPU = Debug|Any CPU
		Release|Any CPU = Release|Any CPU
	EndGlobalSection
	GlobalSection(ProjectConfigurationPlatforms) = postSolution
		{E5B8E1E2-6338-4244-9B14-9519F6CFEBA2}.Debug|Any CPU.ActiveCfg = Debug|Any CPU
		{E5B8E1E2-6338-4244-9B14-9519F6CFEBA2}.Debug|Any CPU.Build.0 = Debug|Any CPU
		{E5B8E1E2-6338-4244-9B14-9519F6CFEBA2}.Release|Any CPU.ActiveCfg = Release|Any CPU
		{E5B8E1E2-6338-4244-9B14-9519F6CFEBA2}.Release|Any CPU.Build.0 = Release|Any CPU
		{7FF37004-B177-4E46-AF5C-54E10462280B}.Debug|Any CPU.ActiveCfg = Debug|Any CPU
		{7FF37004-B177-4E46-AF5C-54E10462280B}.Debug|Any CPU.Build.0 = Debug|Any CPU
		{7FF37004-B177-4E46-AF5C-54E10462280B}.Release|Any CPU.ActiveCfg = Release|Any CPU
		{7FF37004-B177-4E46-AF5C-54E10462280B}.Release|Any CPU.Build.0 = Release|Any CPU
		{1E167ED0-08D8-45AE-BF98-D6F150C9945E}.Debug|Any CPU.ActiveCfg = Debug|Any CPU
		{1E167ED0-08D8-45AE-BF98-D6F150C9945E}.Debug|Any CPU.Build.0 = Debug|Any CPU
		{1E167ED0-08D8-45AE-BF98-D6F150C9945E}.Release|Any CPU.ActiveCfg = Release|Any CPU
		{1E167ED0-08D8-45AE-BF98-D6F150C9945E}.Release|Any CPU.Build.0 = Release|Any CPU
	EndGlobalSection
	GlobalSection(SolutionProperties) = preSolution
		HideSolutionNode = FALSE
	EndGlobalSection
EndGlobal
